// !$*UTF8*$!
{
	archiveVersion = 1;
	classes = {
	};
	objectVersion = 56;
	objects = {

/* Begin PBXBuildFile section */
		B0ABBB0729FAA1CF0054D582 /* AppDelegate.swift in Sources */ = {isa = PBXBuildFile; fileRef = B0ABBB0629FAA1CF0054D582 /* AppDelegate.swift */; };
		B0ABBB0929FAA1CF0054D582 /* SceneDelegate.swift in Sources */ = {isa = PBXBuildFile; fileRef = B0ABBB0829FAA1CF0054D582 /* SceneDelegate.swift */; };
		B0ABBB0B29FAA1CF0054D582 /* ViewController.swift in Sources */ = {isa = PBXBuildFile; fileRef = B0ABBB0A29FAA1CF0054D582 /* ViewController.swift */; };
		B0ABBB0E29FAA1CF0054D582 /* Main.storyboard in Resources */ = {isa = PBXBuildFile; fileRef = B0ABBB0C29FAA1CF0054D582 /* Main.storyboard */; };
		B0ABBB1029FAA1D00054D582 /* Assets.xcassets in Resources */ = {isa = PBXBuildFile; fileRef = B0ABBB0F29FAA1D00054D582 /* Assets.xcassets */; };
		B0ABBB1329FAA1D00054D582 /* LaunchScreen.storyboard in Resources */ = {isa = PBXBuildFile; fileRef = B0ABBB1129FAA1D00054D582 /* LaunchScreen.storyboard */; };
		B0ABBB1E29FABA6B0054D582 /* RPSManager.swift in Sources */ = {isa = PBXBuildFile; fileRef = B0ABBB1D29FABA6B0054D582 /* RPSManager.swift */; };
		B0ABBB2529FACA3D0054D582 /* RPS.swift in Sources */ = {isa = PBXBuildFile; fileRef = B0ABBB2429FACA3D0054D582 /* RPS.swift */; };
/* End PBXBuildFile section */

/* Begin PBXFileReference section */
		B0ABBB0329FAA1CF0054D582 /* RPSGame.app */ = {isa = PBXFileReference; explicitFileType = wrapper.application; includeInIndex = 0; path = RPSGame.app; sourceTree = BUILT_PRODUCTS_DIR; };
		B0ABBB0629FAA1CF0054D582 /* AppDelegate.swift */ = {isa = PBXFileReference; lastKnownFileType = sourcecode.swift; path = AppDelegate.swift; sourceTree = "<group>"; };
		B0ABBB0829FAA1CF0054D582 /* SceneDelegate.swift */ = {isa = PBXFileReference; lastKnownFileType = sourcecode.swift; path = SceneDelegate.swift; sourceTree = "<group>"; };
		B0ABBB0A29FAA1CF0054D582 /* ViewController.swift */ = {isa = PBXFileReference; lastKnownFileType = sourcecode.swift; path = ViewController.swift; sourceTree = "<group>"; };
		B0ABBB0D29FAA1CF0054D582 /* Base */ = {isa = PBXFileReference; lastKnownFileType = file.storyboard; name = Base; path = Base.lproj/Main.storyboard; sourceTree = "<group>"; };
		B0ABBB0F29FAA1D00054D582 /* Assets.xcassets */ = {isa = PBXFileReference; lastKnownFileType = folder.assetcatalog; path = Assets.xcassets; sourceTree = "<group>"; };
		B0ABBB1229FAA1D00054D582 /* Base */ = {isa = PBXFileReference; lastKnownFileType = file.storyboard; name = Base; path = Base.lproj/LaunchScreen.storyboard; sourceTree = "<group>"; };
		B0ABBB1429FAA1D00054D582 /* Info.plist */ = {isa = PBXFileReference; lastKnownFileType = text.plist.xml; path = Info.plist; sourceTree = "<group>"; };
		B0ABBB1D29FABA6B0054D582 /* RPSManager.swift */ = {isa = PBXFileReference; lastKnownFileType = sourcecode.swift; path = RPSManager.swift; sourceTree = "<group>"; };
		B0ABBB2429FACA3D0054D582 /* RPS.swift */ = {isa = PBXFileReference; lastKnownFileType = sourcecode.swift; path = RPS.swift; sourceTree = "<group>"; };
/* End PBXFileReference section */

/* Begin PBXFrameworksBuildPhase section */
		B0ABBB0029FAA1CF0054D582 /* Frameworks */ = {
			isa = PBXFrameworksBuildPhase;
			buildActionMask = 2147483647;
			files = (
			);
			runOnlyForDeploymentPostprocessing = 0;
		};
/* End PBXFrameworksBuildPhase section */

/* Begin PBXGroup section */
		B0ABBAFA29FAA1CF0054D582 = {
			isa = PBXGroup;
			children = (
				B0ABBB0529FAA1CF0054D582 /* RPSGame */,
				B0ABBB0429FAA1CF0054D582 /* Products */,
			);
			sourceTree = "<group>";
		};
		B0ABBB0429FAA1CF0054D582 /* Products */ = {
			isa = PBXGroup;
			children = (
				B0ABBB0329FAA1CF0054D582 /* RPSGame.app */,
			);
			name = Products;
			sourceTree = "<group>";
		};
		B0ABBB0529FAA1CF0054D582 /* RPSGame */ = {
			isa = PBXGroup;
			children = (
				B0ABBB0629FAA1CF0054D582 /* AppDelegate.swift */,
				B0ABBB0829FAA1CF0054D582 /* SceneDelegate.swift */,
				B0ABBB1A29FAB99B0054D582 /* Models */,
				B0ABBB1B29FAB99F0054D582 /* Views */,
				B0ABBB1C29FAB9A30054D582 /* Controllers */,
				B0ABBB0F29FAA1D00054D582 /* Assets.xcassets */,
				B0ABBB1129FAA1D00054D582 /* LaunchScreen.storyboard */,
				B0ABBB1429FAA1D00054D582 /* Info.plist */,
			);
			path = RPSGame;
			sourceTree = "<group>";
		};
		B0ABBB1A29FAB99B0054D582 /* Models */ = {
			isa = PBXGroup;
			children = (
				B0ABBB2429FACA3D0054D582 /* RPS.swift */,
				B0ABBB1D29FABA6B0054D582 /* RPSManager.swift */,
			);
			path = Models;
			sourceTree = "<group>";
		};
		B0ABBB1B29FAB99F0054D582 /* Views */ = {
			isa = PBXGroup;
			children = (
				B0ABBB0C29FAA1CF0054D582 /* Main.storyboard */,
			);
			path = Views;
			sourceTree = "<group>";
		};
		B0ABBB1C29FAB9A30054D582 /* Controllers */ = {
			isa = PBXGroup;
			children = (
				B0ABBB0A29FAA1CF0054D582 /* ViewController.swift */,
			);
			path = Controllers;
			sourceTree = "<group>";
		};
/* End PBXGroup section */

/* Begin PBXNativeTarget section */
		B0ABBB0229FAA1CF0054D582 /* RPSGame */ = {
			isa = PBXNativeTarget;
			buildConfigurationList = B0ABBB1729FAA1D00054D582 /* Build configuration list for PBXNativeTarget "RPSGame" */;
			buildPhases = (
				B0ABBAFF29FAA1CF0054D582 /* Sources */,
				B0ABBB0029FAA1CF0054D582 /* Frameworks */,
				B0ABBB0129FAA1CF0054D582 /* Resources */,
			);
			buildRules = (
			);
			dependencies = (
			);
			name = RPSGame;
			productName = RPSGame;
			productReference = B0ABBB0329FAA1CF0054D582 /* RPSGame.app */;
			productType = "com.apple.product-type.application";
		};
/* End PBXNativeTarget section */

/* Begin PBXProject section */
		B0ABBAFB29FAA1CF0054D582 /* Project object */ = {
			isa = PBXProject;
			attributes = {
				BuildIndependentTargetsInParallel = 1;
				LastSwiftUpdateCheck = 1420;
				LastUpgradeCheck = 1420;
				TargetAttributes = {
					B0ABBB0229FAA1CF0054D582 = {
						CreatedOnToolsVersion = 14.2;
					};
				};
			};
			buildConfigurationList = B0ABBAFE29FAA1CF0054D582 /* Build configuration list for PBXProject "RPSGame" */;
			compatibilityVersion = "Xcode 14.0";
			developmentRegion = en;
			hasScannedForEncodings = 0;
			knownRegions = (
				en,
				Base,
			);
			mainGroup = B0ABBAFA29FAA1CF0054D582;
			productRefGroup = B0ABBB0429FAA1CF0054D582 /* Products */;
			projectDirPath = "";
			projectRoot = "";
			targets = (
				B0ABBB0229FAA1CF0054D582 /* RPSGame */,
			);
		};
/* End PBXProject section */

/* Begin PBXResourcesBuildPhase section */
		B0ABBB0129FAA1CF0054D582 /* Resources */ = {
			isa = PBXResourcesBuildPhase;
			buildActionMask = 2147483647;
			files = (
				B0ABBB1329FAA1D00054D582 /* LaunchScreen.storyboard in Resources */,
				B0ABBB1029FAA1D00054D582 /* Assets.xcassets in Resources */,
				B0ABBB0E29FAA1CF0054D582 /* Main.storyboard in Resources */,
			);
			runOnlyForDeploymentPostprocessing = 0;
		};
/* End PBXResourcesBuildPhase section */

/* Begin PBXSourcesBuildPhase section */
		B0ABBAFF29FAA1CF0054D582 /* Sources */ = {
			isa = PBXSourcesBuildPhase;
			buildActionMask = 2147483647;
			files = (
				B0ABBB0B29FAA1CF0054D582 /* ViewController.swift in Sources */,
				B0ABBB0729FAA1CF0054D582 /* AppDelegate.swift in Sources */,
				B0ABBB0929FAA1CF0054D582 /* SceneDelegate.swift in Sources */,
				B0ABBB1E29FABA6B0054D582 /* RPSManager.swift in Sources */,
				B0ABBB2529FACA3D0054D582 /* RPS.swift in Sources */,
			);
			runOnlyForDeploymentPostprocessing = 0;
		};
/* End PBXSourcesBuildPhase section */

/* Begin PBXVariantGroup section */
		B0ABBB0C29FAA1CF0054D582 /* Main.storyboard */ = {
			isa = PBXVariantGroup;
			children = (
				B0ABBB0D29FAA1CF0054D582 /* Base */,
			);
			name = Main.storyboard;
			sourceTree = "<group>";
		};
		B0ABBB1129FAA1D00054D582 /* LaunchScreen.storyboard */ = {
			isa = PBXVariantGroup;
			children = (
				B0ABBB1229FAA1D00054D582 /* Base */,
			);
			name = LaunchScreen.storyboard;
			sourceTree = "<group>";
		};
/* End PBXVariantGroup section */

/* Begin XCBuildConfiguration section */
		B0ABBB1529FAA1D00054D582 /* Debug */ = {
			isa = XCBuildConfiguration;
			buildSettings = {
				ALWAYS_SEARCH_USER_PATHS = NO;
				CLANG_ANALYZER_NONNULL = YES;
				CLANG_ANALYZER_NUMBER_OBJECT_CONVERSION = YES_AGGRESSIVE;
				CLANG_CXX_LANGUAGE_STANDARD = "gnu++20";
				CLANG_ENABLE_MODULES = YES;
				CLANG_ENABLE_OBJC_ARC = YES;
				CLANG_ENABLE_OBJC_WEAK = YES;
				CLANG_WARN_BLOCK_CAPTURE_AUTORELEASING = YES;
				CLANG_WARN_BOOL_CONVERSION = YES;
				CLANG_WARN_COMMA = YES;
				CLANG_WARN_CONSTANT_CONVERSION = YES;
				CLANG_WARN_DEPRECATED_OBJC_IMPLEMENTATIONS = YES;
				CLANG_WARN_DIRECT_OBJC_ISA_USAGE = YES_ERROR;
				CLANG_WARN_DOCUMENTATION_COMMENTS = YES;
				CLANG_WARN_EMPTY_BODY = YES;
				CLANG_WARN_ENUM_CONVERSION = YES;
				CLANG_WARN_INFINITE_RECURSION = YES;
				CLANG_WARN_INT_CONVERSION = YES;
				CLANG_WARN_NON_LITERAL_NULL_CONVERSION = YES;
				CLANG_WARN_OBJC_IMPLICIT_RETAIN_SELF = YES;
				CLANG_WARN_OBJC_LITERAL_CONVERSION = YES;
				CLANG_WARN_OBJC_ROOT_CLASS = YES_ERROR;
				CLANG_WARN_QUOTED_INCLUDE_IN_FRAMEWORK_HEADER = YES;
				CLANG_WARN_RANGE_LOOP_ANALYSIS = YES;
				CLANG_WARN_STRICT_PROTOTYPES = YES;
				CLANG_WARN_SUSPICIOUS_MOVE = YES;
				CLANG_WARN_UNGUARDED_AVAILABILITY = YES_AGGRESSIVE;
				CLANG_WARN_UNREACHABLE_CODE = YES;
				CLANG_WARN__DUPLICATE_METHOD_MATCH = YES;
				COPY_PHASE_STRIP = NO;
				DEBUG_INFORMATION_FORMAT = dwarf;
				ENABLE_STRICT_OBJC_MSGSEND = YES;
				ENABLE_TESTABILITY = YES;
				GCC_C_LANGUAGE_STANDARD = gnu11;
				GCC_DYNAMIC_NO_PIC = NO;
				GCC_NO_COMMON_BLOCKS = YES;
				GCC_OPTIMIZATION_LEVEL = 0;
				GCC_PREPROCESSOR_DEFINITIONS = (
					"DEBUG=1",
					"$(inherited)",
				);
				GCC_WARN_64_TO_32_BIT_CONVERSION = YES;
				GCC_WARN_ABOUT_RETURN_TYPE = YES_ERROR;
				GCC_WARN_UNDECLARED_SELECTOR = YES;
				GCC_WARN_UNINITIALIZED_AUTOS = YES_AGGRESSIVE;
				GCC_WARN_UNUSED_FUNCTION = YES;
				GCC_WARN_UNUSED_VARIABLE = YES;
				IPHONEOS_DEPLOYMENT_TARGET = 16.2;
				MTL_ENABLE_DEBUG_INFO = INCLUDE_SOURCE;
				MTL_FAST_MATH = YES;
				ONLY_ACTIVE_ARCH = YES;
				SDKROOT = iphoneos;
				SWIFT_ACTIVE_COMPILATION_CONDITIONS = DEBUG;
				SWIFT_OPTIMIZATION_LEVEL = "-Onone";
			};
			name = Debug;
		};
		B0ABBB1629FAA1D00054D582 /* Release */ = {
			isa = XCBuildConfiguration;
			buildSettings = {
				ALWAYS_SEARCH_USER_PATHS = NO;
				CLANG_ANALYZER_NONNULL = YES;
				CLANG_ANALYZER_NUMBER_OBJECT_CONVERSION = YES_AGGRESSIVE;
				CLANG_CXX_LANGUAGE_STANDARD = "gnu++20";
				CLANG_ENABLE_MODULES = YES;
				CLANG_ENABLE_OBJC_ARC = YES;
				CLANG_ENABLE_OBJC_WEAK = YES;
				CLANG_WARN_BLOCK_CAPTURE_AUTORELEASING = YES;
				CLANG_WARN_BOOL_CONVERSION = YES;
				CLANG_WARN_COMMA = YES;
				CLANG_WARN_CONSTANT_CONVERSION = YES;
				CLANG_WARN_DEPRECATED_OBJC_IMPLEMENTATIONS = YES;
				CLANG_WARN_DIRECT_OBJC_ISA_USAGE = YES_ERROR;
				CLANG_WARN_DOCUMENTATION_COMMENTS = YES;
				CLANG_WARN_EMPTY_BODY = YES;
				CLANG_WARN_ENUM_CONVERSION = YES;
				CLANG_WARN_INFINITE_RECURSION = YES;
				CLANG_WARN_INT_CONVERSION = YES;
				CLANG_WARN_NON_LITERAL_NULL_CONVERSION = YES;
				CLANG_WARN_OBJC_IMPLICIT_RETAIN_SELF = YES;
				CLANG_WARN_OBJC_LITERAL_CONVERSION = YES;
				CLANG_WARN_OBJC_ROOT_CLASS = YES_ERROR;
				CLANG_WARN_QUOTED_INCLUDE_IN_FRAMEWORK_HEADER = YES;
				CLANG_WARN_RANGE_LOOP_ANALYSIS = YES;
				CLANG_WARN_STRICT_PROTOTYPES = YES;
				CLANG_WARN_SUSPICIOUS_MOVE = YES;
				CLANG_WARN_UNGUARDED_AVAILABILITY = YES_AGGRESSIVE;
				CLANG_WARN_UNREACHABLE_CODE = YES;
				CLANG_WARN__DUPLICATE_METHOD_MATCH = YES;
				COPY_PHASE_STRIP = NO;
				DEBUG_INFORMATION_FORMAT = "dwarf-with-dsym";
				ENABLE_NS_ASSERTIONS = NO;
				ENABLE_STRICT_OBJC_MSGSEND = YES;
				GCC_C_LANGUAGE_STANDARD = gnu11;
				GCC_NO_COMMON_BLOCKS = YES;
				GCC_WARN_64_TO_32_BIT_CONVERSION = YES;
				GCC_WARN_ABOUT_RETURN_TYPE = YES_ERROR;
				GCC_WARN_UNDECLARED_SELECTOR = YES;
				GCC_WARN_UNINITIALIZED_AUTOS = YES_AGGRESSIVE;
				GCC_WARN_UNUSED_FUNCTION = YES;
				GCC_WARN_UNUSED_VARIABLE = YES;
				IPHONEOS_DEPLOYMENT_TARGET = 16.2;
				MTL_ENABLE_DEBUG_INFO = NO;
				MTL_FAST_MATH = YES;
				SDKROOT = iphoneos;
				SWIFT_COMPILATION_MODE = wholemodule;
				SWIFT_OPTIMIZATION_LEVEL = "-O";
				VALIDATE_PRODUCT = YES;
			};
			name = Release;
		};
		B0ABBB1829FAA1D00054D582 /* Debug */ = {
			isa = XCBuildConfiguration;
			buildSettings = {
				ASSETCATALOG_COMPILER_APPICON_NAME = AppIcon;
				ASSETCATALOG_COMPILER_GLOBAL_ACCENT_COLOR_NAME = AccentColor;
				CODE_SIGN_STYLE = Automatic;
				CURRENT_PROJECT_VERSION = 1;
				DEVELOPMENT_TEAM = DGX4GSK6PA;
				GENERATE_INFOPLIST_FILE = YES;
				INFOPLIST_FILE = RPSGame/Info.plist;
				INFOPLIST_KEY_UIApplicationSupportsIndirectInputEvents = YES;
				INFOPLIST_KEY_UILaunchStoryboardName = LaunchScreen;
				INFOPLIST_KEY_UIMainStoryboardFile = Main;
				INFOPLIST_KEY_UISupportedInterfaceOrientations = UIInterfaceOrientationPortrait;
				INFOPLIST_KEY_UISupportedInterfaceOrientations_iPad = "UIInterfaceOrientationLandscapeLeft UIInterfaceOrientationLandscapeRight UIInterfaceOrientationPortrait UIInterfaceOrientationPortraitUpsideDown";
				LD_RUNPATH_SEARCH_PATHS = (
					"$(inherited)",
					"@executable_path/Frameworks",
				);
				MARKETING_VERSION = 1.0;
				PRODUCT_BUNDLE_IDENTIFIER = com.winterInstagram.app.RPSGame;
				PRODUCT_NAME = "$(TARGET_NAME)";
				SUPPORTED_PLATFORMS = "iphoneos iphonesimulator";
				SUPPORTS_MACCATALYST = NO;
				SUPPORTS_MAC_DESIGNED_FOR_IPHONE_IPAD = YES;
				SWIFT_EMIT_LOC_STRINGS = YES;
				SWIFT_VERSION = 5.0;
				TARGETED_DEVICE_FAMILY = 1;
			};
			name = Debug;
		};
		B0ABBB1929FAA1D00054D582 /* Release */ = {
			isa = XCBuildConfiguration;
			buildSettings = {
				ASSETCATALOG_COMPILER_APPICON_NAME = AppIcon;
				ASSETCATALOG_COMPILER_GLOBAL_ACCENT_COLOR_NAME = AccentColor;
				CODE_SIGN_STYLE = Automatic;
				CURRENT_PROJECT_VERSION = 1;
				DEVELOPMENT_TEAM = DGX4GSK6PA;
				GENERATE_INFOPLIST_FILE = YES;
				INFOPLIST_FILE = RPSGame/Info.plist;
				INFOPLIST_KEY_UIApplicationSupportsIndirectInputEvents = YES;
				INFOPLIST_KEY_UILaunchStoryboardName = LaunchScreen;
				INFOPLIST_KEY_UIMainStoryboardFile = Main;
				INFOPLIST_KEY_UISupportedInterfaceOrientations = UIInterfaceOrientationPortrait;
				INFOPLIST_KEY_UISupportedInterfaceOrientations_iPad = "UIInterfaceOrientationLandscapeLeft UIInterfaceOrientationLandscapeRight UIInterfaceOrientationPortrait UIInterfaceOrientationPortraitUpsideDown";
				LD_RUNPATH_SEARCH_PATHS = (
					"$(inherited)",
					"@executable_path/Frameworks",
				);
				MARKETING_VERSION = 1.0;
				PRODUCT_BUNDLE_IDENTIFIER = com.winterInstagram.app.RPSGame;
				PRODUCT_NAME = "$(TARGET_NAME)";
				SUPPORTED_PLATFORMS = "iphoneos iphonesimulator";
				SUPPORTS_MACCATALYST = NO;
				SUPPORTS_MAC_DESIGNED_FOR_IPHONE_IPAD = YES;
				SWIFT_EMIT_LOC_STRINGS = YES;
				SWIFT_VERSION = 5.0;
				TARGETED_DEVICE_FAMILY = 1;
			};
			name = Release;
		};
/* End XCBuildConfiguration section */

/* Begin XCConfigurationList section */
		B0ABBAFE29FAA1CF0054D582 /* Build configuration list for PBXProject "RPSGame" */ = {
			isa = XCConfigurationList;
			buildConfigurations = (
				B0ABBB1529FAA1D00054D582 /* Debug */,
				B0ABBB1629FAA1D00054D582 /* Release */,
			);
			defaultConfigurationIsVisible = 0;
			defaultConfigurationName = Release;
		};
		B0ABBB1729FAA1D00054D582 /* Build configuration list for PBXNativeTarget "RPSGame" */ = {
			isa = XCConfigurationList;
			buildConfigurations = (
				B0ABBB1829FAA1D00054D582 /* Debug */,
				B0ABBB1929FAA1D00054D582 /* Release */,
			);
			defaultConfigurationIsVisible = 0;
			defaultConfigurationName = Release;
		};
/* End XCConfigurationList section */
	};
	rootObject = B0ABBAFB29FAA1CF0054D582 /* Project object */;
}
